
Microsoft Visual Studio Solution File, Format Version 12.00
# Visual Studio 15
VisualStudioVersion = 15.0.26124.0
MinimumVisualStudioVersion = 15.0.26124.0
Project("{FAE04EC0-301F-11D3-BF4B-00C04F79EFBC}") = "ManipulaVar", "ManipulaVar\ManipulaVar.csproj", "{E94A2B08-32F1-4622-82D0-00F2F91F334F}"
EndProject
Project("{FAE04EC0-301F-11D3-BF4B-00C04F79EFBC}") = "PerguntaValores", "PerguntaValores\PerguntaValores.csproj", "{748AF653-A3C8-4F70-BCAF-3D302557A782}"
EndProject
Project("{FAE04EC0-301F-11D3-BF4B-00C04F79EFBC}") = "Specials", "Specials\Specials.csproj", "{156231AA-C7D4-4100-B677-FC710E5C5FFA}"
EndProject
Project("{FAE04EC0-301F-11D3-BF4B-00C04F79EFBC}") = "GranpaPatternSwitch", "GranpaPatternSwitch\GranpaPatternSwitch.csproj", "{603396B6-A85C-4575-9C8D-2BDD49B17D63}"
EndProject
Project("{FAE04EC0-301F-11D3-BF4B-00C04F79EFBC}") = "ChatGPTMother", "ChatGPTMother\ChatGPTMother.csproj", "{363B6B5A-FD72-4A5A-AA02-E77D725C106C}"
EndProject
Project("{FAE04EC0-301F-11D3-BF4B-00C04F79EFBC}") = "ChatGPTGrandfather", "ChatGPTGrandfather\ChatGPTGrandfather.csproj", "{1B7A46FD-CDB5-420B-8E43-4A487C51E3BF}"
EndProject
Project("{FAE04EC0-301F-11D3-BF4B-00C04F79EFBC}") = "Triangle", "Triangle\Triangle.csproj", "{ED9108C7-E2D2-4945-9518-908FC901FF7F}"
EndProject
Project("{FAE04EC0-301F-11D3-BF4B-00C04F79EFBC}") = "CrossSquare", "CrossSquare\CrossSquare.csproj", "{4E80C4A6-1B2D-4B9A-852A-EA41954343E8}"
EndProject
Global
	GlobalSection(SolutionConfigurationPlatforms) = preSolution
		Debug|Any CPU = Debug|Any CPU
		Debug|x64 = Debug|x64
		Debug|x86 = Debug|x86
		Release|Any CPU = Release|Any CPU
		Release|x64 = Release|x64
		Release|x86 = Release|x86
	EndGlobalSection
	GlobalSection(SolutionProperties) = preSolution
		HideSolutionNode = FALSE
	EndGlobalSection
	GlobalSection(ProjectConfigurationPlatforms) = postSolution
		{E94A2B08-32F1-4622-82D0-00F2F91F334F}.Debug|Any CPU.ActiveCfg = Debug|Any CPU
		{E94A2B08-32F1-4622-82D0-00F2F91F334F}.Debug|Any CPU.Build.0 = Debug|Any CPU
		{E94A2B08-32F1-4622-82D0-00F2F91F334F}.Debug|x64.ActiveCfg = Debug|Any CPU
		{E94A2B08-32F1-4622-82D0-00F2F91F334F}.Debug|x64.Build.0 = Debug|Any CPU
		{E94A2B08-32F1-4622-82D0-00F2F91F334F}.Debug|x86.ActiveCfg = Debug|Any CPU
		{E94A2B08-32F1-4622-82D0-00F2F91F334F}.Debug|x86.Build.0 = Debug|Any CPU
		{E94A2B08-32F1-4622-82D0-00F2F91F334F}.Release|Any CPU.ActiveCfg = Release|Any CPU
		{E94A2B08-32F1-4622-82D0-00F2F91F334F}.Release|Any CPU.Build.0 = Release|Any CPU
		{E94A2B08-32F1-4622-82D0-00F2F91F334F}.Release|x64.ActiveCfg = Release|Any CPU
		{E94A2B08-32F1-4622-82D0-00F2F91F334F}.Release|x64.Build.0 = Release|Any CPU
		{E94A2B08-32F1-4622-82D0-00F2F91F334F}.Release|x86.ActiveCfg = Release|Any CPU
		{E94A2B08-32F1-4622-82D0-00F2F91F334F}.Release|x86.Build.0 = Release|Any CPU
		{748AF653-A3C8-4F70-BCAF-3D302557A782}.Debug|Any CPU.ActiveCfg = Debug|Any CPU
		{748AF653-A3C8-4F70-BCAF-3D302557A782}.Debug|Any CPU.Build.0 = Debug|Any CPU
		{748AF653-A3C8-4F70-BCAF-3D302557A782}.Debug|x64.ActiveCfg = Debug|Any CPU
		{748AF653-A3C8-4F70-BCAF-3D302557A782}.Debug|x64.Build.0 = Debug|Any CPU
		{748AF653-A3C8-4F70-BCAF-3D302557A782}.Debug|x86.ActiveCfg = Debug|Any CPU
		{748AF653-A3C8-4F70-BCAF-3D302557A782}.Debug|x86.Build.0 = Debug|Any CPU
		{748AF653-A3C8-4F70-BCAF-3D302557A782}.Release|Any CPU.ActiveCfg = Release|Any CPU
		{748AF653-A3C8-4F70-BCAF-3D302557A782}.Release|Any CPU.Build.0 = Release|Any CPU
		{748AF653-A3C8-4F70-BCAF-3D302557A782}.Release|x64.ActiveCfg = Release|Any CPU
		{748AF653-A3C8-4F70-BCAF-3D302557A782}.Release|x64.Build.0 = Release|Any CPU
		{748AF653-A3C8-4F70-BCAF-3D302557A782}.Release|x86.ActiveCfg = Release|Any CPU
		{748AF653-A3C8-4F70-BCAF-3D302557A782}.Release|x86.Build.0 = Release|Any CPU
		{156231AA-C7D4-4100-B677-FC710E5C5FFA}.Debug|Any CPU.ActiveCfg = Debug|Any CPU
		{156231AA-C7D4-4100-B677-FC710E5C5FFA}.Debug|Any CPU.Build.0 = Debug|Any CPU
		{156231AA-C7D4-4100-B677-FC710E5C5FFA}.Debug|x64.ActiveCfg = Debug|Any CPU
		{156231AA-C7D4-4100-B677-FC710E5C5FFA}.Debug|x64.Build.0 = Debug|Any CPU
		{156231AA-C7D4-4100-B677-FC710E5C5FFA}.Debug|x86.ActiveCfg = Debug|Any CPU
		{156231AA-C7D4-4100-B677-FC710E5C5FFA}.Debug|x86.Build.0 = Debug|Any CPU
		{156231AA-C7D4-4100-B677-FC710E5C5FFA}.Release|Any CPU.ActiveCfg = Release|Any CPU
		{156231AA-C7D4-4100-B677-FC710E5C5FFA}.Release|Any CPU.Build.0 = Release|Any CPU
		{156231AA-C7D4-4100-B677-FC710E5C5FFA}.Release|x64.ActiveCfg = Release|Any CPU
		{156231AA-C7D4-4100-B677-FC710E5C5FFA}.Release|x64.Build.0 = Release|Any CPU
		{156231AA-C7D4-4100-B677-FC710E5C5FFA}.Release|x86.ActiveCfg = Release|Any CPU
		{156231AA-C7D4-4100-B677-FC710E5C5FFA}.Release|x86.Build.0 = Release|Any CPU
		{603396B6-A85C-4575-9C8D-2BDD49B17D63}.Debug|Any CPU.ActiveCfg = Debug|Any CPU
		{603396B6-A85C-4575-9C8D-2BDD49B17D63}.Debug|Any CPU.Build.0 = Debug|Any CPU
		{603396B6-A85C-4575-9C8D-2BDD49B17D63}.Debug|x64.ActiveCfg = Debug|Any CPU
		{603396B6-A85C-4575-9C8D-2BDD49B17D63}.Debug|x64.Build.0 = Debug|Any CPU
		{603396B6-A85C-4575-9C8D-2BDD49B17D63}.Debug|x86.ActiveCfg = Debug|Any CPU
		{603396B6-A85C-4575-9C8D-2BDD49B17D63}.Debug|x86.Build.0 = Debug|Any CPU
		{603396B6-A85C-4575-9C8D-2BDD49B17D63}.Release|Any CPU.ActiveCfg = Release|Any CPU
		{603396B6-A85C-4575-9C8D-2BDD49B17D63}.Release|Any CPU.Build.0 = Release|Any CPU
		{603396B6-A85C-4575-9C8D-2BDD49B17D63}.Release|x64.ActiveCfg = Release|Any CPU
		{603396B6-A85C-4575-9C8D-2BDD49B17D63}.Release|x64.Build.0 = Release|Any CPU
		{603396B6-A85C-4575-9C8D-2BDD49B17D63}.Release|x86.ActiveCfg = Release|Any CPU
		{603396B6-A85C-4575-9C8D-2BDD49B17D63}.Release|x86.Build.0 = Release|Any CPU
		{363B6B5A-FD72-4A5A-AA02-E77D725C106C}.Debug|Any CPU.ActiveCfg = Debug|Any CPU
		{363B6B5A-FD72-4A5A-AA02-E77D725C106C}.Debug|Any CPU.Build.0 = Debug|Any CPU
		{363B6B5A-FD72-4A5A-AA02-E77D725C106C}.Debug|x64.ActiveCfg = Debug|Any CPU
		{363B6B5A-FD72-4A5A-AA02-E77D725C106C}.Debug|x64.Build.0 = Debug|Any CPU
		{363B6B5A-FD72-4A5A-AA02-E77D725C106C}.Debug|x86.ActiveCfg = Debug|Any CPU
		{363B6B5A-FD72-4A5A-AA02-E77D725C106C}.Debug|x86.Build.0 = Debug|Any CPU
		{363B6B5A-FD72-4A5A-AA02-E77D725C106C}.Release|Any CPU.ActiveCfg = Release|Any CPU
		{363B6B5A-FD72-4A5A-AA02-E77D725C106C}.Release|Any CPU.Build.0 = Release|Any CPU
		{363B6B5A-FD72-4A5A-AA02-E77D725C106C}.Release|x64.ActiveCfg = Release|Any CPU
		{363B6B5A-FD72-4A5A-AA02-E77D725C106C}.Release|x64.Build.0 = Release|Any CPU
		{363B6B5A-FD72-4A5A-AA02-E77D725C106C}.Release|x86.ActiveCfg = Release|Any CPU
		{363B6B5A-FD72-4A5A-AA02-E77D725C106C}.Release|x86.Build.0 = Release|Any CPU
		{1B7A46FD-CDB5-420B-8E43-4A487C51E3BF}.Debug|Any CPU.ActiveCfg = Debug|Any CPU
		{1B7A46FD-CDB5-420B-8E43-4A487C51E3BF}.Debug|Any CPU.Build.0 = Debug|Any CPU
		{1B7A46FD-CDB5-420B-8E43-4A487C51E3BF}.Debug|x64.ActiveCfg = Debug|Any CPU
		{1B7A46FD-CDB5-420B-8E43-4A487C51E3BF}.Debug|x64.Build.0 = Debug|Any CPU
		{1B7A46FD-CDB5-420B-8E43-4A487C51E3BF}.Debug|x86.ActiveCfg = Debug|Any CPU
		{1B7A46FD-CDB5-420B-8E43-4A487C51E3BF}.Debug|x86.Build.0 = Debug|Any CPU
		{1B7A46FD-CDB5-420B-8E43-4A487C51E3BF}.Release|Any CPU.ActiveCfg = Release|Any CPU
		{1B7A46FD-CDB5-420B-8E43-4A487C51E3BF}.Release|Any CPU.Build.0 = Release|Any CPU
		{1B7A46FD-CDB5-420B-8E43-4A487C51E3BF}.Release|x64.ActiveCfg = Release|Any CPU
		{1B7A46FD-CDB5-420B-8E43-4A487C51E3BF}.Release|x64.Build.0 = Release|Any CPU
		{1B7A46FD-CDB5-420B-8E43-4A487C51E3BF}.Release|x86.ActiveCfg = Release|Any CPU
		{1B7A46FD-CDB5-420B-8E43-4A487C51E3BF}.Release|x86.Build.0 = Release|Any CPU
		{ED9108C7-E2D2-4945-9518-908FC901FF7F}.Debug|Any CPU.ActiveCfg = Debug|Any CPU
		{ED9108C7-E2D2-4945-9518-908FC901FF7F}.Debug|Any CPU.Build.0 = Debug|Any CPU
		{ED9108C7-E2D2-4945-9518-908FC901FF7F}.Debug|x64.ActiveCfg = Debug|Any CPU
		{ED9108C7-E2D2-4945-9518-908FC901FF7F}.Debug|x64.Build.0 = Debug|Any CPU
		{ED9108C7-E2D2-4945-9518-908FC901FF7F}.Debug|x86.ActiveCfg = Debug|Any CPU
		{ED9108C7-E2D2-4945-9518-908FC901FF7F}.Debug|x86.Build.0 = Debug|Any CPU
		{ED9108C7-E2D2-4945-9518-908FC901FF7F}.Release|Any CPU.ActiveCfg = Release|Any CPU
		{ED9108C7-E2D2-4945-9518-908FC901FF7F}.Release|Any CPU.Build.0 = Release|Any CPU
		{ED9108C7-E2D2-4945-9518-908FC901FF7F}.Release|x64.ActiveCfg = Release|Any CPU
		{ED9108C7-E2D2-4945-9518-908FC901FF7F}.Release|x64.Build.0 = Release|Any CPU
		{ED9108C7-E2D2-4945-9518-908FC901FF7F}.Release|x86.ActiveCfg = Release|Any CPU
		{ED9108C7-E2D2-4945-9518-908FC901FF7F}.Release|x86.Build.0 = Release|Any CPU
		{4E80C4A6-1B2D-4B9A-852A-EA41954343E8}.Debug|Any CPU.ActiveCfg = Debug|Any CPU
		{4E80C4A6-1B2D-4B9A-852A-EA41954343E8}.Debug|Any CPU.Build.0 = Debug|Any CPU
		{4E80C4A6-1B2D-4B9A-852A-EA41954343E8}.Debug|x64.ActiveCfg = Debug|Any CPU
		{4E80C4A6-1B2D-4B9A-852A-EA41954343E8}.Debug|x64.Build.0 = Debug|Any CPU
		{4E80C4A6-1B2D-4B9A-852A-EA41954343E8}.Debug|x86.ActiveCfg = Debug|Any CPU
		{4E80C4A6-1B2D-4B9A-852A-EA41954343E8}.Debug|x86.Build.0 = Debug|Any CPU
		{4E80C4A6-1B2D-4B9A-852A-EA41954343E8}.Release|Any CPU.ActiveCfg = Release|Any CPU
		{4E80C4A6-1B2D-4B9A-852A-EA41954343E8}.Release|Any CPU.Build.0 = Release|Any CPU
		{4E80C4A6-1B2D-4B9A-852A-EA41954343E8}.Release|x64.ActiveCfg = Release|Any CPU
		{4E80C4A6-1B2D-4B9A-852A-EA41954343E8}.Release|x64.Build.0 = Release|Any CPU
		{4E80C4A6-1B2D-4B9A-852A-EA41954343E8}.Release|x86.ActiveCfg = Release|Any CPU
		{4E80C4A6-1B2D-4B9A-852A-EA41954343E8}.Release|x86.Build.0 = Release|Any CPU
	EndGlobalSection
EndGlobal
